
Microsoft Visual Studio Solution File, Format Version 12.00
# Visual Studio Version 16
VisualStudioVersion = 16.0.29519.87
MinimumVisualStudioVersion = 10.0.40219.1
Project("{FAE04EC0-301F-11D3-BF4B-00C04F79EFBC}") = "DemoApp1.Android", "DemoApp1\DemoApp1.Android\DemoApp1.Android.csproj", "{97D9EAF8-F232-4AED-8B96-1AE04DEAB843}"
EndProject
Project("{FAE04EC0-301F-11D3-BF4B-00C04F79EFBC}") = "DemoApp1", "DemoApp1\DemoApp1\DemoApp1.csproj", "{10A9224F-E321-4195-874C-D731125C9C15}"
EndProject
Global
	GlobalSection(SolutionConfigurationPlatforms) = preSolution
		Debug|Any CPU = Debug|Any CPU
		Release|Any CPU = Release|Any CPU
	EndGlobalSection
	GlobalSection(ProjectConfigurationPlatforms) = postSolution
		{97D9EAF8-F232-4AED-8B96-1AE04DEAB843}.Debug|Any CPU.ActiveCfg = Debug|Any CPU
		{97D9EAF8-F232-4AED-8B96-1AE04DEAB843}.Debug|Any CPU.Build.0 = Debug|Any CPU
		{97D9EAF8-F232-4AED-8B96-1AE04DEAB843}.Debug|Any CPU.Deploy.0 = Debug|Any CPU
		{97D9EAF8-F232-4AED-8B96-1AE04DEAB843}.Release|Any CPU.ActiveCfg = Release|Any CPU
		{97D9EAF8-F232-4AED-8B96-1AE04DEAB843}.Release|Any CPU.Build.0 = Release|Any CPU
		{97D9EAF8-F232-4AED-8B96-1AE04DEAB843}.Release|Any CPU.Deploy.0 = Release|Any CPU
		{10A9224F-E321-4195-874C-D731125C9C15}.Debug|Any CPU.ActiveCfg = Debug|Any CPU
		{10A9224F-E321-4195-874C-D731125C9C15}.Debug|Any CPU.Build.0 = Debug|Any CPU
		{10A9224F-E321-4195-874C-D731125C9C15}.Debug|Any CPU.Deploy.0 = Debug|Any CPU
		{10A9224F-E321-4195-874C-D731125C9C15}.Release|Any CPU.ActiveCfg = Release|Any CPU
		{10A9224F-E321-4195-874C-D731125C9C15}.Release|Any CPU.Build.0 = Release|Any CPU
		{10A9224F-E321-4195-874C-D731125C9C15}.Release|Any CPU.Deploy.0 = Release|Any CPU
	EndGlobalSection
	GlobalSection(SolutionProperties) = preSolution
		HideSolutionNode = FALSE
	EndGlobalSection
	GlobalSection(ExtensibilityGlobals) = postSolution
		SolutionGuid = {1766A471-D2C4-439D-AB97-6023D0D5E3B2}
	EndGlobalSection
EndGlobal
